{
  "object": {
    "pins": [
      {
        "package": "Capstone",
        "repositoryURL": "https://github.com/zydeco/capstone-swift",
        "state": {
          "branch": "next",
          "revision": "99c59d065b682ef3762474792aa57c9edf343643",
          "version": null
        }
      },
      {
        "package": "swift-argument-parser",
        "repositoryURL": "https://github.com/apple/swift-argument-parser",
        "state": {
          "branch": null,
          "revision": "92646c0cdbaca076c8d3d0207891785b3379cbff",
          "version": "0.3.1"
        }
      }
    ]
  },
  "version": 1
}
